
Microsoft Visual Studio Solution File, Format Version 12.00
# Visual Studio Version 16
VisualStudioVersion = 16.0.29324.140
MinimumVisualStudioVersion = 10.0.40219.1
Project("{8BC9CEB8-8B4A-11D0-8D11-00A0C91BC942}") = "HW", "HW.vcxproj", "{283683A8-EAEA-424C-842F-194F2CD00913}"
EndProject
Global
	GlobalSection(SolutionConfigurationPlatforms) = preSolution
		Debug|x64 = Debug|x64
		Debug|x86 = Debug|x86
		Release|x64 = Release|x64
		Release|x86 = Release|x86
	EndGlobalSection
	GlobalSection(ProjectConfigurationPlatforms) = postSolution
		{283683A8-EAEA-424C-842F-194F2CD00913}.Debug|x64.ActiveCfg = Debug|x64
		{283683A8-EAEA-424C-842F-194F2CD00913}.Debug|x64.Build.0 = Debug|x64
		{283683A8-EAEA-424C-842F-194F2CD00913}.Debug|x86.ActiveCfg = Debug|Win32
		{283683A8-EAEA-424C-842F-194F2CD00913}.Debug|x86.Build.0 = Debug|Win32
		{283683A8-EAEA-424C-842F-194F2CD00913}.Release|x64.ActiveCfg = Release|x64
		{283683A8-EAEA-424C-842F-194F2CD00913}.Release|x64.Build.0 = Release|x64
		{283683A8-EAEA-424C-842F-194F2CD00913}.Release|x86.ActiveCfg = Release|Win32
		{283683A8-EAEA-424C-842F-194F2CD00913}.Release|x86.Build.0 = Release|Win32
	EndGlobalSection
	GlobalSection(SolutionProperties) = preSolution
		HideSolutionNode = FALSE
	EndGlobalSection
	GlobalSection(ExtensibilityGlobals) = postSolution
		SolutionGuid = {EBA65078-06AD-4568-AD6D-89B9DBCA21DA}
	EndGlobalSection
EndGlobal
